<?xml version="1.0" encoding="utf-8"?>
<Project ToolsVersion="4.0" xmlns="http://schemas.microsoft.com/developer/msbuild/2003">
  <ItemGroup>
    <ClCompile Include="Game.cpp">
      <Filter>Scource Files</Filter>
    </ClCompile>
    <ClCompile Include="main.cpp">
      <Filter>Scource Files</Filter>
    </ClCompile>
  </ItemGroup>
  <ItemGroup>
    <ClInclude Include="Character.h">
      <Filter>Header Files</Filter>
    </ClInclude>
    <ClInclude Include="Entity.h">
      <Filter>Header Files</Filter>
    </ClInclude>
    <ClInclude Include="TextureHandler.h">
      <Filter>Header Files</Filter>
    </ClInclude>
    <ClInclude Include="InputComponent.h">
      <Filter>Component FIles</Filter>
    </ClInclude>
    <ClInclude Include="PhysicsComponent.h">
      <Filter>Component FIles</Filter>
    </ClInclude>
    <ClInclude Include="Game.h">
      <Filter>Header Files</Filter>
    </ClInclude>
    <ClInclude Include="libs.h">
      <Filter>Header Files</Filter>
    </ClInclude>
    <ClInclude Include="Player.h">
      <Filter>Header Files</Filter>
    </ClInclude>
  </ItemGroup>
  <ItemGroup>
    <Filter Include="Header Files">
      <UniqueIdentifier>{90ab8b48-36ec-4828-8e5a-4ea783a01899}</UniqueIdentifier>
    </Filter>
    <Filter Include="Scource Files">
      <UniqueIdentifier>{bf42d079-ad39-4637-ac6f-6a0b3de57578}</UniqueIdentifier>
    </Filter>
    <Filter Include="Component FIles">
      <UniqueIdentifier>{1e1df937-5796-4158-a501-8582998f4265}</UniqueIdentifier>
    </Filter>
  </ItemGroup>
</Project>