
Microsoft Visual Studio Solution File, Format Version 12.00
# Visual Studio 15
VisualStudioVersion = 15.0.27004.2008
MinimumVisualStudioVersion = 10.0.40219.1
Project("{8BC9CEB8-8B4A-11D0-8D11-00A0C91BC942}") = "game", "game\game.vcxproj", "{D58F90E6-0306-4DCE-94DB-D84CCE2D3D22}"
EndProject
Global
	GlobalSection(SolutionConfigurationPlatforms) = preSolution
		Debug|x64 = Debug|x64
		Debug|x86 = Debug|x86
		Release|x64 = Release|x64
		Release|x86 = Release|x86
	EndGlobalSection
	GlobalSection(ProjectConfigurationPlatforms) = postSolution
		{D58F90E6-0306-4DCE-94DB-D84CCE2D3D22}.Debug|x64.ActiveCfg = Debug|x64
		{D58F90E6-0306-4DCE-94DB-D84CCE2D3D22}.Debug|x64.Build.0 = Debug|x64
		{D58F90E6-0306-4DCE-94DB-D84CCE2D3D22}.Debug|x86.ActiveCfg = Debug|Win32
		{D58F90E6-0306-4DCE-94DB-D84CCE2D3D22}.Debug|x86.Build.0 = Debug|Win32
		{D58F90E6-0306-4DCE-94DB-D84CCE2D3D22}.Release|x64.ActiveCfg = Release|x64
		{D58F90E6-0306-4DCE-94DB-D84CCE2D3D22}.Release|x64.Build.0 = Release|x64
		{D58F90E6-0306-4DCE-94DB-D84CCE2D3D22}.Release|x86.ActiveCfg = Release|Win32
		{D58F90E6-0306-4DCE-94DB-D84CCE2D3D22}.Release|x86.Build.0 = Release|Win32
	EndGlobalSection
	GlobalSection(SolutionProperties) = preSolution
		HideSolutionNode = FALSE
	EndGlobalSection
	GlobalSection(ExtensibilityGlobals) = postSolution
		SolutionGuid = {EE32D898-1EAE-4F95-998B-E679F7236E8A}
	EndGlobalSection
EndGlobal
